
Microsoft Visual Studio Solution File, Format Version 12.00
# Visual Studio Version 17
VisualStudioVersion = 17.4.33205.214
MinimumVisualStudioVersion = 10.0.40219.1
Project("{FAE04EC0-301F-11D3-BF4B-00C04F79EFBC}") = "QuanLyCuaHangTapHoa", "QuanLyCuaHangTapHoa\QuanLyCuaHangTapHoa.csproj", "{0472C002-4361-4E3C-A069-73ED06A44D14}"
EndProject
Global
	GlobalSection(SolutionConfigurationPlatforms) = preSolution
		Debug|Any CPU = Debug|Any CPU
		Release|Any CPU = Release|Any CPU
	EndGlobalSection
	GlobalSection(ProjectConfigurationPlatforms) = postSolution
		{0472C002-4361-4E3C-A069-73ED06A44D14}.Debug|Any CPU.ActiveCfg = Debug|Any CPU
		{0472C002-4361-4E3C-A069-73ED06A44D14}.Debug|Any CPU.Build.0 = Debug|Any CPU
		{0472C002-4361-4E3C-A069-73ED06A44D14}.Release|Any CPU.ActiveCfg = Release|Any CPU
		{0472C002-4361-4E3C-A069-73ED06A44D14}.Release|Any CPU.Build.0 = Release|Any CPU
	EndGlobalSection
	GlobalSection(SolutionProperties) = preSolution
		HideSolutionNode = FALSE
	EndGlobalSection
	GlobalSection(ExtensibilityGlobals) = postSolution
		SolutionGuid = {CBC0722C-AA04-4E05-A935-0E82D98D21B8}
	EndGlobalSection
EndGlobal
